
Microsoft Visual Studio Solution File, Format Version 12.00
# Visual Studio 15
VisualStudioVersion = 15.0.28307.421
MinimumVisualStudioVersion = 10.0.40219.1
Project("{FAE04EC0-301F-11D3-BF4B-00C04F79EFBC}") = "Hoteli.Playground", "Hoteli.Playground\Hoteli.Playground.csproj", "{D529E7E5-6F34-4186-A0AD-A89431673C86}"
EndProject
Global
	GlobalSection(SolutionConfigurationPlatforms) = preSolution
		Debug|Any CPU = Debug|Any CPU
		Release|Any CPU = Release|Any CPU
	EndGlobalSection
	GlobalSection(ProjectConfigurationPlatforms) = postSolution
		{D529E7E5-6F34-4186-A0AD-A89431673C86}.Debug|Any CPU.ActiveCfg = Debug|Any CPU
		{D529E7E5-6F34-4186-A0AD-A89431673C86}.Debug|Any CPU.Build.0 = Debug|Any CPU
		{D529E7E5-6F34-4186-A0AD-A89431673C86}.Release|Any CPU.ActiveCfg = Release|Any CPU
		{D529E7E5-6F34-4186-A0AD-A89431673C86}.Release|Any CPU.Build.0 = Release|Any CPU
	EndGlobalSection
	GlobalSection(SolutionProperties) = preSolution
		HideSolutionNode = FALSE
	EndGlobalSection
	GlobalSection(ExtensibilityGlobals) = postSolution
		SolutionGuid = {F65C887A-869E-4181-8AD9-18F5C9519290}
	EndGlobalSection
EndGlobal
